
Microsoft Visual Studio Solution File, Format Version 12.00
# Visual Studio Version 16
VisualStudioVersion = 16.0.30204.135
MinimumVisualStudioVersion = 10.0.40219.1
Project("{9A19103F-16F7-4668-BE54-9A1E7A4F7556}") = "DacernQOL", "DacernQOL.csproj", "{95A0A92D-A0D5-4D13-B2E0-5AD09DC6019D}"
EndProject
Global
	GlobalSection(SolutionConfigurationPlatforms) = preSolution
		Debug|Any CPU = Debug|Any CPU
		Release|Any CPU = Release|Any CPU
	EndGlobalSection
	GlobalSection(ProjectConfigurationPlatforms) = postSolution
		{95A0A92D-A0D5-4D13-B2E0-5AD09DC6019D}.Debug|Any CPU.ActiveCfg = Debug|Any CPU
		{95A0A92D-A0D5-4D13-B2E0-5AD09DC6019D}.Debug|Any CPU.Build.0 = Debug|Any CPU
		{95A0A92D-A0D5-4D13-B2E0-5AD09DC6019D}.Release|Any CPU.ActiveCfg = Release|Any CPU
		{95A0A92D-A0D5-4D13-B2E0-5AD09DC6019D}.Release|Any CPU.Build.0 = Release|Any CPU
	EndGlobalSection
	GlobalSection(SolutionProperties) = preSolution
		HideSolutionNode = FALSE
	EndGlobalSection
	GlobalSection(ExtensibilityGlobals) = postSolution
		SolutionGuid = {871B8619-CE3B-4DC2-B460-17EC3870A6A5}
	EndGlobalSection
EndGlobal
